// !$*UTF8*$!
{
	archiveVersion = 1;
	classes = {
	};
	objectVersion = 51;
	objects = {

/* Begin PBXBuildFile section */
		4E9036EA5B449C1FBDA7D626 /* Pods_Chic_Secret__iOS_.framework in Frameworks */ = {isa = PBXBuildFile; fileRef = 77A06E6B85AF97481F40AB6B /* Pods_Chic_Secret__iOS_.framework */; };
		5FB3E73F259A7BC600C98CFE /* Tests_iOS.swift in Sources */ = {isa = PBXBuildFile; fileRef = 5FB3E73E259A7BC600C98CFE /* Tests_iOS.swift */; };
		5FB3E74A259A7BC600C98CFE /* Tests_macOS.swift in Sources */ = {isa = PBXBuildFile; fileRef = 5FB3E749259A7BC600C98CFE /* Tests_macOS.swift */; };
		5FB3E74C259A7BC600C98CFE /* Chic_Secret.xcdatamodeld in Sources */ = {isa = PBXBuildFile; fileRef = 5FB3E720259A7BC500C98CFE /* Chic_Secret.xcdatamodeld */; };
		5FB3E74D259A7BC600C98CFE /* Chic_Secret.xcdatamodeld in Sources */ = {isa = PBXBuildFile; fileRef = 5FB3E720259A7BC500C98CFE /* Chic_Secret.xcdatamodeld */; };
		5FB3E74E259A7BC600C98CFE /* Chic_SecretApp.swift in Sources */ = {isa = PBXBuildFile; fileRef = 5FB3E722259A7BC500C98CFE /* Chic_SecretApp.swift */; };
		5FB3E74F259A7BC600C98CFE /* Chic_SecretApp.swift in Sources */ = {isa = PBXBuildFile; fileRef = 5FB3E722259A7BC500C98CFE /* Chic_SecretApp.swift */; };
		5FB3E752259A7BC600C98CFE /* Persistence.swift in Sources */ = {isa = PBXBuildFile; fileRef = 5FB3E724259A7BC500C98CFE /* Persistence.swift */; };
		5FB3E753259A7BC600C98CFE /* Persistence.swift in Sources */ = {isa = PBXBuildFile; fileRef = 5FB3E724259A7BC500C98CFE /* Persistence.swift */; };
		5FB3E754259A7BC600C98CFE /* Assets.xcassets in Resources */ = {isa = PBXBuildFile; fileRef = 5FB3E725259A7BC600C98CFE /* Assets.xcassets */; };
		5FB3E755259A7BC600C98CFE /* Assets.xcassets in Resources */ = {isa = PBXBuildFile; fileRef = 5FB3E725259A7BC600C98CFE /* Assets.xcassets */; };
		5FB3E773259A7C1400C98CFE /* Localizable.strings in Resources */ = {isa = PBXBuildFile; fileRef = 5FB3E776259A7C1400C98CFE /* Localizable.strings */; };
		5FB3E774259A7C1400C98CFE /* Localizable.strings in Resources */ = {isa = PBXBuildFile; fileRef = 5FB3E776259A7C1400C98CFE /* Localizable.strings */; };
		5FB3E791259A7EC000C98CFE /* NewVaultScreen.swift in Sources */ = {isa = PBXBuildFile; fileRef = 5FB3E790259A7EC000C98CFE /* NewVaultScreen.swift */; };
		5FB3E792259A7EC000C98CFE /* NewVaultScreen.swift in Sources */ = {isa = PBXBuildFile; fileRef = 5FB3E790259A7EC000C98CFE /* NewVaultScreen.swift */; };
		836D300C826E46A3269C7DA6 /* GeneratePasswordScreen.swift in Sources */ = {isa = PBXBuildFile; fileRef = 836D36E1AF9BC837226D1C04 /* GeneratePasswordScreen.swift */; };
		836D3015A0B8219E27F3057B /* PasswordAttributed.swift in Sources */ = {isa = PBXBuildFile; fileRef = 836D34C633E64CADF1667D5B /* PasswordAttributed.swift */; };
		836D3015D787E8D7E987239D /* GeneratePasswordScreen.swift in Sources */ = {isa = PBXBuildFile; fileRef = 836D36E1AF9BC837226D1C04 /* GeneratePasswordScreen.swift */; };
		836D30F59B594470953418DE /* EntrylistByVault.swift in Sources */ = {isa = PBXBuildFile; fileRef = 836D3D91F87656D9903190E5 /* EntrylistByVault.swift */; };
		836D3181D40CD048F0127305 /* VaultsScreen.swift in Sources */ = {isa = PBXBuildFile; fileRef = 836D35FADD9ABD49BF3164EA /* VaultsScreen.swift */; };
		836D320397ECC4729395212F /* TextFieldTyped.swift in Sources */ = {isa = PBXBuildFile; fileRef = 836D3DAC6F55BE6F339200D1 /* TextFieldTyped.swift */; };
		836D32F11AB4A90B444A063B /* KeyboardManagement.swift in Sources */ = {isa = PBXBuildFile; fileRef = 836D3400119DCEC33B19D605 /* KeyboardManagement.swift */; };
		836D332F2A9020FE2787906C /* KeyboardManagement.swift in Sources */ = {isa = PBXBuildFile; fileRef = 836D3400119DCEC33B19D605 /* KeyboardManagement.swift */; };
		836D336194F84CCE4943CAE4 /* PasswordAttributed.swift in Sources */ = {isa = PBXBuildFile; fileRef = 836D34C633E64CADF1667D5B /* PasswordAttributed.swift */; };
		836D3639C34DD221674F3559 /* EntryDetail.swift in Sources */ = {isa = PBXBuildFile; fileRef = 836D35F0F418D6EC9734A928 /* EntryDetail.swift */; };
		836D37D07C90505F96809949 /* EntryDetail.swift in Sources */ = {isa = PBXBuildFile; fileRef = 836D35F0F418D6EC9734A928 /* EntryDetail.swift */; };
		836D39D04B6790AC5C08B327 /* VaultsScreen.swift in Sources */ = {isa = PBXBuildFile; fileRef = 836D35FADD9ABD49BF3164EA /* VaultsScreen.swift */; };
		836D3AD7567B7C6CE76412C7 /* EntrylistByVault.swift in Sources */ = {isa = PBXBuildFile; fileRef = 836D3D91F87656D9903190E5 /* EntrylistByVault.swift */; };
		836D3C99E7A3D4397D6C7AF6 /* LoadingView.swift in Sources */ = {isa = PBXBuildFile; fileRef = 836D39367FC1EF4D6D933F0D /* LoadingView.swift */; };
		836D3D0394E15EF852B3320E /* TextFieldTyped.swift in Sources */ = {isa = PBXBuildFile; fileRef = 836D3DAC6F55BE6F339200D1 /* TextFieldTyped.swift */; };
		836D3DF173104B62355F9666 /* PasswordField.swift in Sources */ = {isa = PBXBuildFile; fileRef = 836D3177D817078DD765ADFF /* PasswordField.swift */; };
		836D3E50299AA926615C4176 /* LoadingView.swift in Sources */ = {isa = PBXBuildFile; fileRef = 836D39367FC1EF4D6D933F0D /* LoadingView.swift */; };
		836D3FF5ED6ECE5798D53EF0 /* PasswordField.swift in Sources */ = {isa = PBXBuildFile; fileRef = 836D3177D817078DD765ADFF /* PasswordField.swift */; };
		86C8ACB69C2B935233861B8C /* Pods_Chic_Secret__macOS_.framework in Frameworks */ = {isa = PBXBuildFile; fileRef = 1632EC08444AF15934BF127D /* Pods_Chic_Secret__macOS_.framework */; };
		A7810BE5259B4475002CCB53 /* VaultItem.swift in Sources */ = {isa = PBXBuildFile; fileRef = A7810BE4259B4475002CCB53 /* VaultItem.swift */; };
		A7810BE6259B4475002CCB53 /* VaultItem.swift in Sources */ = {isa = PBXBuildFile; fileRef = A7810BE4259B4475002CCB53 /* VaultItem.swift */; };
		BDDB909154ACFFE5EB2C0CCE /* Security.swift in Sources */ = {isa = PBXBuildFile; fileRef = BDDB909AF57ADDC244E9C018 /* Security.swift */; };
		BDDB90C69F9AF51569F87B9B /* MbModalHackView.swift in Sources */ = {isa = PBXBuildFile; fileRef = BDDB9EC8F1639E4FE2C32E7C /* MbModalHackView.swift */; };
		BDDB9179A1689584197A89ED /* BiometryScreen.swift in Sources */ = {isa = PBXBuildFile; fileRef = BDDB9DFEC0F32CA7E0FD0762 /* BiometryScreen.swift */; };
		BDDB920F4A0E7E57792EC432 /* StringProtocol.swift in Sources */ = {isa = PBXBuildFile; fileRef = BDDB9C064B44677C0B8D1CCC /* StringProtocol.swift */; };
		BDDB92197CB934BFD7A58A20 /* SettingsScreen.swift in Sources */ = {isa = PBXBuildFile; fileRef = BDDB9E4F2AD6BE723F5C16C9 /* SettingsScreen.swift */; };
		BDDB9251B5AA71B4200ABF5C /* IconPicker.swift in Sources */ = {isa = PBXBuildFile; fileRef = BDDB937F2A72471879A9312E /* IconPicker.swift */; };
		BDDB92651CEB3BBC4725ABB1 /* CategoriesScreen.swift in Sources */ = {isa = PBXBuildFile; fileRef = BDDB9F9475C6DDABB87191A5 /* CategoriesScreen.swift */; };
		BDDB9282A753E7FEF73916D9 /* NewEntryScreen.swift in Sources */ = {isa = PBXBuildFile; fileRef = BDDB9E6D916DF926AF183ADB /* NewEntryScreen.swift */; };
		BDDB92C6E2CDEBAE033E01FD /* NewCategoryScreen.swift in Sources */ = {isa = PBXBuildFile; fileRef = BDDB9C4331F814968C9864FD /* NewCategoryScreen.swift */; };
		BDDB93108ABCE3D8194064B6 /* MainScreen.swift in Sources */ = {isa = PBXBuildFile; fileRef = BDDB9C081524B904735A10E3 /* MainScreen.swift */; };
		BDDB935040C724B6A18BD559 /* HealthScreen.swift in Sources */ = {isa = PBXBuildFile; fileRef = BDDB9234B4BF2D38E6501D28 /* HealthScreen.swift */; };
		BDDB93D8DACF102A31D83704 /* EntryItem.swift in Sources */ = {isa = PBXBuildFile; fileRef = BDDB962EB8EB6E990F65C9AF /* EntryItem.swift */; };
		BDDB9439565FBE7335A5182D /* CategoriesScreen.swift in Sources */ = {isa = PBXBuildFile; fileRef = BDDB9F9475C6DDABB87191A5 /* CategoriesScreen.swift */; };
		BDDB94544732D9F312C092E9 /* NewCategoryScreen.swift in Sources */ = {isa = PBXBuildFile; fileRef = BDDB9C4331F814968C9864FD /* NewCategoryScreen.swift */; };
		BDDB9466A7C85776242E448E /* HealthScreen.swift in Sources */ = {isa = PBXBuildFile; fileRef = BDDB9234B4BF2D38E6501D28 /* HealthScreen.swift */; };
		BDDB94A380073E4BE803E749 /* SearchNavigation.swift in Sources */ = {isa = PBXBuildFile; fileRef = BDDB9E91FA7C3F4B3CE2AF78 /* SearchNavigation.swift */; };
		BDDB95149DE52E7A0C057510 /* PasswordUnlockScreen.swift in Sources */ = {isa = PBXBuildFile; fileRef = BDDB9C83E3908B1E2D97B809 /* PasswordUnlockScreen.swift */; };
		BDDB951FB938A57A8D84306B /* NewEntryScreen.swift in Sources */ = {isa = PBXBuildFile; fileRef = BDDB9E6D916DF926AF183ADB /* NewEntryScreen.swift */; };
		BDDB956F2952657512F35127 /* IconPicker.swift in Sources */ = {isa = PBXBuildFile; fileRef = BDDB937F2A72471879A9312E /* IconPicker.swift */; };
		BDDB961C6ECE18757A0E552C /* CategoryItem.swift in Sources */ = {isa = PBXBuildFile; fileRef = BDDB9EFBC977B7158A1F52F6 /* CategoryItem.swift */; };
		BDDB9672117B1ED57B68C12D /* PasswordUnlockScreen.swift in Sources */ = {isa = PBXBuildFile; fileRef = BDDB9C83E3908B1E2D97B809 /* PasswordUnlockScreen.swift */; };
		BDDB969E8726A55CCEA3A947 /* Color.swift in Sources */ = {isa = PBXBuildFile; fileRef = BDDB9D3FC36D1C4B9A6FFEC2 /* Color.swift */; };
		BDDB971B267F802AED9495F0 /* CategoryListByVault.swift in Sources */ = {isa = PBXBuildFile; fileRef = BDDB92BE18EB43BDB0A3BE24 /* CategoryListByVault.swift */; };
		BDDB974E90EFC219357FBEE7 /* BiometryScreen.swift in Sources */ = {isa = PBXBuildFile; fileRef = BDDB9DFEC0F32CA7E0FD0762 /* BiometryScreen.swift */; };
		BDDB976619D9F069989B2825 /* BiometryCheckScreen.swift in Sources */ = {isa = PBXBuildFile; fileRef = BDDB93BA4D9EC9D42EC5CA4A /* BiometryCheckScreen.swift */; };
		BDDB977CE572BED3C8F19EC4 /* ColorPickerItem.swift in Sources */ = {isa = PBXBuildFile; fileRef = BDDB9E5350843890673F1A12 /* ColorPickerItem.swift */; };
		BDDB97A5D4A18A8BEFBF81E9 /* Color.swift in Sources */ = {isa = PBXBuildFile; fileRef = BDDB9D3FC36D1C4B9A6FFEC2 /* Color.swift */; };
		BDDB97BD53E2DEF9E32B8ADC /* MbModalHackView.swift in Sources */ = {isa = PBXBuildFile; fileRef = BDDB9EC8F1639E4FE2C32E7C /* MbModalHackView.swift */; };
		BDDB97F5F1AF39388F3C267F /* EntryItem.swift in Sources */ = {isa = PBXBuildFile; fileRef = BDDB962EB8EB6E990F65C9AF /* EntryItem.swift */; };
		BDDB9830E926CF033407EDE6 /* CategoryListInNewEntry.swift in Sources */ = {isa = PBXBuildFile; fileRef = BDDB9DC3635E8277AD8C50D0 /* CategoryListInNewEntry.swift */; };
		BDDB983277AA7508D578789E /* CategoryListByVault.swift in Sources */ = {isa = PBXBuildFile; fileRef = BDDB92BE18EB43BDB0A3BE24 /* CategoryListByVault.swift */; };
		BDDB99985470529346082A91 /* AppDelegate.swift in Sources */ = {isa = PBXBuildFile; fileRef = BDDB9D8E089CB0B8FA9A9177 /* AppDelegate.swift */; };
		BDDB9AC1A38337CA7DC92467 /* CategoryListInNewEntry.swift in Sources */ = {isa = PBXBuildFile; fileRef = BDDB9DC3635E8277AD8C50D0 /* CategoryListInNewEntry.swift */; };
		BDDB9AF0499049B5C51E87CC /* AppDelegate.swift in Sources */ = {isa = PBXBuildFile; fileRef = BDDB9D8E089CB0B8FA9A9177 /* AppDelegate.swift */; };
		BDDB9AFEEA36B4AAB08C830C /* CategoryItem.swift in Sources */ = {isa = PBXBuildFile; fileRef = BDDB9EFBC977B7158A1F52F6 /* CategoryItem.swift */; };
		BDDB9B3082E1AFFA16C186A5 /* Security.swift in Sources */ = {isa = PBXBuildFile; fileRef = BDDB909AF57ADDC244E9C018 /* Security.swift */; };
		BDDB9B85C69378C1529BB08B /* BiometryCheckScreen.swift in Sources */ = {isa = PBXBuildFile; fileRef = BDDB93BA4D9EC9D42EC5CA4A /* BiometryCheckScreen.swift */; };
		BDDB9D9C2072326FE4A9288C /* StringProtocol.swift in Sources */ = {isa = PBXBuildFile; fileRef = BDDB9C064B44677C0B8D1CCC /* StringProtocol.swift */; };
		BDDB9E0978B099EC04BE26CB /* EntriesScreen.swift in Sources */ = {isa = PBXBuildFile; fileRef = BDDB973DC561156A38F0C807 /* EntriesScreen.swift */; };
		BDDB9ED7A324DFC26D67D470 /* MainScreen.swift in Sources */ = {isa = PBXBuildFile; fileRef = BDDB9C081524B904735A10E3 /* MainScreen.swift */; };
		BDDB9F191736720E1BC54DB0 /* EntriesScreen.swift in Sources */ = {isa = PBXBuildFile; fileRef = BDDB973DC561156A38F0C807 /* EntriesScreen.swift */; };
		BDDB9F1A44735FE78FFC194E /* SettingsScreen.swift in Sources */ = {isa = PBXBuildFile; fileRef = BDDB9E4F2AD6BE723F5C16C9 /* SettingsScreen.swift */; };
		BDDB9F2AFDCA2B0BA481D023 /* ColorPickerItem.swift in Sources */ = {isa = PBXBuildFile; fileRef = BDDB9E5350843890673F1A12 /* ColorPickerItem.swift */; };
		BDDB9F78455E249C32941B48 /* SearchNavigation.swift in Sources */ = {isa = PBXBuildFile; fileRef = BDDB9E91FA7C3F4B3CE2AF78 /* SearchNavigation.swift */; };
/* End PBXBuildFile section */

/* Begin PBXContainerItemProxy section */
		5FB3E73B259A7BC600C98CFE /* PBXContainerItemProxy */ = {
			isa = PBXContainerItemProxy;
			containerPortal = 5FB3E71B259A7BC500C98CFE /* Project object */;
			proxyType = 1;
			remoteGlobalIDString = 5FB3E729259A7BC600C98CFE;
			remoteInfo = "Chic Secret (iOS)";
		};
		5FB3E746259A7BC600C98CFE /* PBXContainerItemProxy */ = {
			isa = PBXContainerItemProxy;
			containerPortal = 5FB3E71B259A7BC500C98CFE /* Project object */;
			proxyType = 1;
			remoteGlobalIDString = 5FB3E731259A7BC600C98CFE;
			remoteInfo = "Chic Secret (macOS)";
		};
/* End PBXContainerItemProxy section */

/* Begin PBXFileReference section */
		1632EC08444AF15934BF127D /* Pods_Chic_Secret__macOS_.framework */ = {isa = PBXFileReference; explicitFileType = wrapper.framework; includeInIndex = 0; path = Pods_Chic_Secret__macOS_.framework; sourceTree = BUILT_PRODUCTS_DIR; };
		284C4C44B4DE66FDFA8BC1B0 /* Pods-Chic Secret (iOS).release.xcconfig */ = {isa = PBXFileReference; includeInIndex = 1; lastKnownFileType = text.xcconfig; name = "Pods-Chic Secret (iOS).release.xcconfig"; path = "Target Support Files/Pods-Chic Secret (iOS)/Pods-Chic Secret (iOS).release.xcconfig"; sourceTree = "<group>"; };
		2BDF00A9ADE8A5AAFC5F47A1 /* Pods-Chic Secret (iOS).debug.xcconfig */ = {isa = PBXFileReference; includeInIndex = 1; lastKnownFileType = text.xcconfig; name = "Pods-Chic Secret (iOS).debug.xcconfig"; path = "Target Support Files/Pods-Chic Secret (iOS)/Pods-Chic Secret (iOS).debug.xcconfig"; sourceTree = "<group>"; };
		54FC2E1E0672E5512E5EE8B2 /* Pods-Chic Secret (macOS).debug.xcconfig */ = {isa = PBXFileReference; includeInIndex = 1; lastKnownFileType = text.xcconfig; name = "Pods-Chic Secret (macOS).debug.xcconfig"; path = "Target Support Files/Pods-Chic Secret (macOS)/Pods-Chic Secret (macOS).debug.xcconfig"; sourceTree = "<group>"; };
		5FB3E721259A7BC500C98CFE /* Shared.xcdatamodel */ = {isa = PBXFileReference; lastKnownFileType = wrapper.xcdatamodel; path = Shared.xcdatamodel; sourceTree = "<group>"; };
		5FB3E722259A7BC500C98CFE /* Chic_SecretApp.swift */ = {isa = PBXFileReference; lastKnownFileType = sourcecode.swift; path = Chic_SecretApp.swift; sourceTree = "<group>"; };
		5FB3E724259A7BC500C98CFE /* Persistence.swift */ = {isa = PBXFileReference; lastKnownFileType = sourcecode.swift; path = Persistence.swift; sourceTree = "<group>"; };
		5FB3E725259A7BC600C98CFE /* Assets.xcassets */ = {isa = PBXFileReference; lastKnownFileType = folder.assetcatalog; path = Assets.xcassets; sourceTree = "<group>"; };
		5FB3E72A259A7BC600C98CFE /* Chic Secret.app */ = {isa = PBXFileReference; explicitFileType = wrapper.application; includeInIndex = 0; path = "Chic Secret.app"; sourceTree = BUILT_PRODUCTS_DIR; };
		5FB3E72D259A7BC600C98CFE /* Info.plist */ = {isa = PBXFileReference; lastKnownFileType = text.plist.xml; path = Info.plist; sourceTree = "<group>"; };
		5FB3E732259A7BC600C98CFE /* Chic Secret.app */ = {isa = PBXFileReference; explicitFileType = wrapper.application; includeInIndex = 0; path = "Chic Secret.app"; sourceTree = BUILT_PRODUCTS_DIR; };
		5FB3E734259A7BC600C98CFE /* Info.plist */ = {isa = PBXFileReference; lastKnownFileType = text.plist.xml; path = Info.plist; sourceTree = "<group>"; };
		5FB3E735259A7BC600C98CFE /* macOS.entitlements */ = {isa = PBXFileReference; lastKnownFileType = text.plist.entitlements; path = macOS.entitlements; sourceTree = "<group>"; };
		5FB3E73A259A7BC600C98CFE /* Tests iOS.xctest */ = {isa = PBXFileReference; explicitFileType = wrapper.cfbundle; includeInIndex = 0; path = "Tests iOS.xctest"; sourceTree = BUILT_PRODUCTS_DIR; };
		5FB3E73E259A7BC600C98CFE /* Tests_iOS.swift */ = {isa = PBXFileReference; lastKnownFileType = sourcecode.swift; path = Tests_iOS.swift; sourceTree = "<group>"; };
		5FB3E740259A7BC600C98CFE /* Info.plist */ = {isa = PBXFileReference; lastKnownFileType = text.plist.xml; path = Info.plist; sourceTree = "<group>"; };
		5FB3E745259A7BC600C98CFE /* Tests macOS.xctest */ = {isa = PBXFileReference; explicitFileType = wrapper.cfbundle; includeInIndex = 0; path = "Tests macOS.xctest"; sourceTree = BUILT_PRODUCTS_DIR; };
		5FB3E749259A7BC600C98CFE /* Tests_macOS.swift */ = {isa = PBXFileReference; lastKnownFileType = sourcecode.swift; path = Tests_macOS.swift; sourceTree = "<group>"; };
		5FB3E74B259A7BC600C98CFE /* Info.plist */ = {isa = PBXFileReference; lastKnownFileType = text.plist.xml; path = Info.plist; sourceTree = "<group>"; };
		5FB3E775259A7C1400C98CFE /* en */ = {isa = PBXFileReference; lastKnownFileType = text.plist.strings; name = en; path = en.lproj/Localizable.strings; sourceTree = "<group>"; };
		5FB3E77B259A7C1700C98CFE /* fr */ = {isa = PBXFileReference; lastKnownFileType = text.plist.strings; name = fr; path = fr.lproj/Localizable.strings; sourceTree = "<group>"; };
		5FB3E790259A7EC000C98CFE /* NewVaultScreen.swift */ = {isa = PBXFileReference; lastKnownFileType = sourcecode.swift; path = NewVaultScreen.swift; sourceTree = "<group>"; };
		77A06E6B85AF97481F40AB6B /* Pods_Chic_Secret__iOS_.framework */ = {isa = PBXFileReference; explicitFileType = wrapper.framework; includeInIndex = 0; path = Pods_Chic_Secret__iOS_.framework; sourceTree = BUILT_PRODUCTS_DIR; };
		836D3177D817078DD765ADFF /* PasswordField.swift */ = {isa = PBXFileReference; fileEncoding = 4; lastKnownFileType = sourcecode.swift; path = PasswordField.swift; sourceTree = "<group>"; };
		836D3400119DCEC33B19D605 /* KeyboardManagement.swift */ = {isa = PBXFileReference; fileEncoding = 4; lastKnownFileType = sourcecode.swift; path = KeyboardManagement.swift; sourceTree = "<group>"; };
		836D34C633E64CADF1667D5B /* PasswordAttributed.swift */ = {isa = PBXFileReference; fileEncoding = 4; lastKnownFileType = sourcecode.swift; path = PasswordAttributed.swift; sourceTree = "<group>"; };
		836D35F0F418D6EC9734A928 /* EntryDetail.swift */ = {isa = PBXFileReference; fileEncoding = 4; lastKnownFileType = sourcecode.swift; path = EntryDetail.swift; sourceTree = "<group>"; };
		836D35FADD9ABD49BF3164EA /* VaultsScreen.swift */ = {isa = PBXFileReference; fileEncoding = 4; lastKnownFileType = sourcecode.swift; path = VaultsScreen.swift; sourceTree = "<group>"; };
		836D36E1AF9BC837226D1C04 /* GeneratePasswordScreen.swift */ = {isa = PBXFileReference; fileEncoding = 4; lastKnownFileType = sourcecode.swift; path = GeneratePasswordScreen.swift; sourceTree = "<group>"; };
		836D39367FC1EF4D6D933F0D /* LoadingView.swift */ = {isa = PBXFileReference; fileEncoding = 4; lastKnownFileType = sourcecode.swift; path = LoadingView.swift; sourceTree = "<group>"; };
		836D3D91F87656D9903190E5 /* EntrylistByVault.swift */ = {isa = PBXFileReference; fileEncoding = 4; lastKnownFileType = sourcecode.swift; path = EntrylistByVault.swift; sourceTree = "<group>"; };
		836D3DAC6F55BE6F339200D1 /* TextFieldTyped.swift */ = {isa = PBXFileReference; fileEncoding = 4; lastKnownFileType = sourcecode.swift; path = TextFieldTyped.swift; sourceTree = "<group>"; };
		A7810BE4259B4475002CCB53 /* VaultItem.swift */ = {isa = PBXFileReference; lastKnownFileType = sourcecode.swift; path = VaultItem.swift; sourceTree = "<group>"; };
		AF58C5249279A0CCE26D8533 /* Pods-Chic Secret (macOS).release.xcconfig */ = {isa = PBXFileReference; includeInIndex = 1; lastKnownFileType = text.xcconfig; name = "Pods-Chic Secret (macOS).release.xcconfig"; path = "Target Support Files/Pods-Chic Secret (macOS)/Pods-Chic Secret (macOS).release.xcconfig"; sourceTree = "<group>"; };
		BDDB909AF57ADDC244E9C018 /* Security.swift */ = {isa = PBXFileReference; fileEncoding = 4; lastKnownFileType = sourcecode.swift; path = Security.swift; sourceTree = "<group>"; };
		BDDB9234B4BF2D38E6501D28 /* HealthScreen.swift */ = {isa = PBXFileReference; fileEncoding = 4; lastKnownFileType = sourcecode.swift; path = HealthScreen.swift; sourceTree = "<group>"; };
		BDDB92BE18EB43BDB0A3BE24 /* CategoryListByVault.swift */ = {isa = PBXFileReference; fileEncoding = 4; lastKnownFileType = sourcecode.swift; path = CategoryListByVault.swift; sourceTree = "<group>"; };
		BDDB937F2A72471879A9312E /* IconPicker.swift */ = {isa = PBXFileReference; fileEncoding = 4; lastKnownFileType = sourcecode.swift; path = IconPicker.swift; sourceTree = "<group>"; };
		BDDB93BA4D9EC9D42EC5CA4A /* BiometryCheckScreen.swift */ = {isa = PBXFileReference; fileEncoding = 4; lastKnownFileType = sourcecode.swift; path = BiometryCheckScreen.swift; sourceTree = "<group>"; };
		BDDB962EB8EB6E990F65C9AF /* EntryItem.swift */ = {isa = PBXFileReference; fileEncoding = 4; lastKnownFileType = sourcecode.swift; path = EntryItem.swift; sourceTree = "<group>"; };
		BDDB973DC561156A38F0C807 /* EntriesScreen.swift */ = {isa = PBXFileReference; fileEncoding = 4; lastKnownFileType = sourcecode.swift; path = EntriesScreen.swift; sourceTree = "<group>"; };
		BDDB9C064B44677C0B8D1CCC /* StringProtocol.swift */ = {isa = PBXFileReference; fileEncoding = 4; lastKnownFileType = sourcecode.swift; path = StringProtocol.swift; sourceTree = "<group>"; };
		BDDB9C081524B904735A10E3 /* MainScreen.swift */ = {isa = PBXFileReference; fileEncoding = 4; lastKnownFileType = sourcecode.swift; path = MainScreen.swift; sourceTree = "<group>"; };
		BDDB9C4331F814968C9864FD /* NewCategoryScreen.swift */ = {isa = PBXFileReference; fileEncoding = 4; lastKnownFileType = sourcecode.swift; path = NewCategoryScreen.swift; sourceTree = "<group>"; };
		BDDB9C83E3908B1E2D97B809 /* PasswordUnlockScreen.swift */ = {isa = PBXFileReference; fileEncoding = 4; lastKnownFileType = sourcecode.swift; path = PasswordUnlockScreen.swift; sourceTree = "<group>"; };
		BDDB9D3FC36D1C4B9A6FFEC2 /* Color.swift */ = {isa = PBXFileReference; fileEncoding = 4; lastKnownFileType = sourcecode.swift; path = Color.swift; sourceTree = "<group>"; };
		BDDB9D8E089CB0B8FA9A9177 /* AppDelegate.swift */ = {isa = PBXFileReference; fileEncoding = 4; lastKnownFileType = sourcecode.swift; path = AppDelegate.swift; sourceTree = "<group>"; };
		BDDB9DC3635E8277AD8C50D0 /* CategoryListInNewEntry.swift */ = {isa = PBXFileReference; fileEncoding = 4; lastKnownFileType = sourcecode.swift; path = CategoryListInNewEntry.swift; sourceTree = "<group>"; };
		BDDB9DFEC0F32CA7E0FD0762 /* BiometryScreen.swift */ = {isa = PBXFileReference; fileEncoding = 4; lastKnownFileType = sourcecode.swift; path = BiometryScreen.swift; sourceTree = "<group>"; };
		BDDB9E4F2AD6BE723F5C16C9 /* SettingsScreen.swift */ = {isa = PBXFileReference; fileEncoding = 4; lastKnownFileType = sourcecode.swift; path = SettingsScreen.swift; sourceTree = "<group>"; };
		BDDB9E5350843890673F1A12 /* ColorPickerItem.swift */ = {isa = PBXFileReference; fileEncoding = 4; lastKnownFileType = sourcecode.swift; path = ColorPickerItem.swift; sourceTree = "<group>"; };
		BDDB9E6D916DF926AF183ADB /* NewEntryScreen.swift */ = {isa = PBXFileReference; fileEncoding = 4; lastKnownFileType = sourcecode.swift; path = NewEntryScreen.swift; sourceTree = "<group>"; };
		BDDB9E91FA7C3F4B3CE2AF78 /* SearchNavigation.swift */ = {isa = PBXFileReference; fileEncoding = 4; lastKnownFileType = sourcecode.swift; path = SearchNavigation.swift; sourceTree = "<group>"; };
		BDDB9EC8F1639E4FE2C32E7C /* MbModalHackView.swift */ = {isa = PBXFileReference; fileEncoding = 4; lastKnownFileType = sourcecode.swift; path = MbModalHackView.swift; sourceTree = "<group>"; };
		BDDB9EFBC977B7158A1F52F6 /* CategoryItem.swift */ = {isa = PBXFileReference; fileEncoding = 4; lastKnownFileType = sourcecode.swift; path = CategoryItem.swift; sourceTree = "<group>"; };
		BDDB9F9475C6DDABB87191A5 /* CategoriesScreen.swift */ = {isa = PBXFileReference; fileEncoding = 4; lastKnownFileType = sourcecode.swift; path = CategoriesScreen.swift; sourceTree = "<group>"; };
/* End PBXFileReference section */

/* Begin PBXFrameworksBuildPhase section */
		5FB3E727259A7BC600C98CFE /* Frameworks */ = {
			isa = PBXFrameworksBuildPhase;
			buildActionMask = 2147483647;
			files = (
				4E9036EA5B449C1FBDA7D626 /* Pods_Chic_Secret__iOS_.framework in Frameworks */,
			);
			runOnlyForDeploymentPostprocessing = 0;
		};
		5FB3E72F259A7BC600C98CFE /* Frameworks */ = {
			isa = PBXFrameworksBuildPhase;
			buildActionMask = 2147483647;
			files = (
				86C8ACB69C2B935233861B8C /* Pods_Chic_Secret__macOS_.framework in Frameworks */,
			);
			runOnlyForDeploymentPostprocessing = 0;
		};
		5FB3E737259A7BC600C98CFE /* Frameworks */ = {
			isa = PBXFrameworksBuildPhase;
			buildActionMask = 2147483647;
			files = (
			);
			runOnlyForDeploymentPostprocessing = 0;
		};
		5FB3E742259A7BC600C98CFE /* Frameworks */ = {
			isa = PBXFrameworksBuildPhase;
			buildActionMask = 2147483647;
			files = (
			);
			runOnlyForDeploymentPostprocessing = 0;
		};
/* End PBXFrameworksBuildPhase section */

/* Begin PBXGroup section */
		5FB3E71A259A7BC500C98CFE = {
			isa = PBXGroup;
			children = (
				5FB3E71F259A7BC500C98CFE /* Shared */,
				5FB3E72C259A7BC600C98CFE /* iOS */,
				5FB3E733259A7BC600C98CFE /* macOS */,
				5FB3E73D259A7BC600C98CFE /* Tests iOS */,
				5FB3E748259A7BC600C98CFE /* Tests macOS */,
				5FB3E72B259A7BC600C98CFE /* Products */,
				A7E903EF259B365B00048CFB /* Frameworks */,
				DBC54E32D9163C1B73E885A9 /* Pods */,
			);
			sourceTree = "<group>";
		};
		5FB3E71F259A7BC500C98CFE /* Shared */ = {
			isa = PBXGroup;
			children = (
				5FB3E722259A7BC500C98CFE /* Chic_SecretApp.swift */,
				5FB3E724259A7BC500C98CFE /* Persistence.swift */,
				5FB3E725259A7BC600C98CFE /* Assets.xcassets */,
				5FB3E720259A7BC500C98CFE /* Chic_Secret.xcdatamodeld */,
				5FB3E776259A7C1400C98CFE /* Localizable.strings */,
				836D35E9ABF878D37007DEB6 /* Screens */,
				836D328C97688AD440E66989 /* Components */,
				836D3B0A1AE262D2003A17BC /* Utils */,
				BDDB9D8E089CB0B8FA9A9177 /* AppDelegate.swift */,
			);
			path = Shared;
			sourceTree = "<group>";
		};
		5FB3E72B259A7BC600C98CFE /* Products */ = {
			isa = PBXGroup;
			children = (
				5FB3E72A259A7BC600C98CFE /* Chic Secret.app */,
				5FB3E732259A7BC600C98CFE /* Chic Secret.app */,
				5FB3E73A259A7BC600C98CFE /* Tests iOS.xctest */,
				5FB3E745259A7BC600C98CFE /* Tests macOS.xctest */,
			);
			name = Products;
			sourceTree = "<group>";
		};
		5FB3E72C259A7BC600C98CFE /* iOS */ = {
			isa = PBXGroup;
			children = (
				5FB3E72D259A7BC600C98CFE /* Info.plist */,
			);
			path = iOS;
			sourceTree = "<group>";
		};
		5FB3E733259A7BC600C98CFE /* macOS */ = {
			isa = PBXGroup;
			children = (
				5FB3E734259A7BC600C98CFE /* Info.plist */,
				5FB3E735259A7BC600C98CFE /* macOS.entitlements */,
			);
			path = macOS;
			sourceTree = "<group>";
		};
		5FB3E73D259A7BC600C98CFE /* Tests iOS */ = {
			isa = PBXGroup;
			children = (
				5FB3E73E259A7BC600C98CFE /* Tests_iOS.swift */,
				5FB3E740259A7BC600C98CFE /* Info.plist */,
			);
			path = "Tests iOS";
			sourceTree = "<group>";
		};
		5FB3E748259A7BC600C98CFE /* Tests macOS */ = {
			isa = PBXGroup;
			children = (
				5FB3E749259A7BC600C98CFE /* Tests_macOS.swift */,
				5FB3E74B259A7BC600C98CFE /* Info.plist */,
			);
			path = "Tests macOS";
			sourceTree = "<group>";
		};
		836D328C97688AD440E66989 /* Components */ = {
			isa = PBXGroup;
			children = (
				836D3DAC6F55BE6F339200D1 /* TextFieldTyped.swift */,
				836D3177D817078DD765ADFF /* PasswordField.swift */,
				836D39367FC1EF4D6D933F0D /* LoadingView.swift */,
				A7810BE4259B4475002CCB53 /* VaultItem.swift */,
				BDDB9EC8F1639E4FE2C32E7C /* MbModalHackView.swift */,
				BDDB9EFBC977B7158A1F52F6 /* CategoryItem.swift */,
				BDDB937F2A72471879A9312E /* IconPicker.swift */,
				BDDB9E5350843890673F1A12 /* ColorPickerItem.swift */,
				836D34C633E64CADF1667D5B /* PasswordAttributed.swift */,
				BDDB962EB8EB6E990F65C9AF /* EntryItem.swift */,
				BDDB9E91FA7C3F4B3CE2AF78 /* SearchNavigation.swift */,
				BDDB9CEBCA84095BDB5084CF /* Lists */,
			);
			path = Components;
			sourceTree = "<group>";
		};
		836D33708D6C96D035B17A59 /* Vault */ = {
			isa = PBXGroup;
			children = (
				836D35FADD9ABD49BF3164EA /* VaultsScreen.swift */,
				5FB3E790259A7EC000C98CFE /* NewVaultScreen.swift */,
				BDDB9C83E3908B1E2D97B809 /* PasswordUnlockScreen.swift */,
			);
			path = Vault;
			sourceTree = "<group>";
		};
		836D35E9ABF878D37007DEB6 /* Screens */ = {
			isa = PBXGroup;
			children = (
				836D33708D6C96D035B17A59 /* Vault */,
				BDDB9C081524B904735A10E3 /* MainScreen.swift */,
				BDDB9C73F1385C36E1C58ECC /* Entry */,
				BDDB93DA24019D10C74F4DAB /* Category */,
				BDDB918D8D1827E9460FA803 /* Settings */,
				BDDB9931835CE99C11EAC493 /* Health */,
			);
			path = Screens;
			sourceTree = "<group>";
		};
		836D3B0A1AE262D2003A17BC /* Utils */ = {
			isa = PBXGroup;
			children = (
				836D3400119DCEC33B19D605 /* KeyboardManagement.swift */,
				BDDB909AF57ADDC244E9C018 /* Security.swift */,
				BDDB9D3FC36D1C4B9A6FFEC2 /* Color.swift */,
				BDDB9C064B44677C0B8D1CCC /* StringProtocol.swift */,
			);
			path = Utils;
			sourceTree = "<group>";
		};
		A7E903EF259B365B00048CFB /* Frameworks */ = {
			isa = PBXGroup;
			children = (
				77A06E6B85AF97481F40AB6B /* Pods_Chic_Secret__iOS_.framework */,
				1632EC08444AF15934BF127D /* Pods_Chic_Secret__macOS_.framework */,
			);
			name = Frameworks;
			sourceTree = "<group>";
		};
		BDDB918D8D1827E9460FA803 /* Settings */ = {
			isa = PBXGroup;
			children = (
				BDDB9E4F2AD6BE723F5C16C9 /* SettingsScreen.swift */,
				BDDB9DFEC0F32CA7E0FD0762 /* BiometryScreen.swift */,
				BDDB93BA4D9EC9D42EC5CA4A /* BiometryCheckScreen.swift */,
			);
			path = Settings;
			sourceTree = "<group>";
		};
		BDDB93DA24019D10C74F4DAB /* Category */ = {
			isa = PBXGroup;
			children = (
				BDDB9F9475C6DDABB87191A5 /* CategoriesScreen.swift */,
				BDDB9C4331F814968C9864FD /* NewCategoryScreen.swift */,
			);
			path = Category;
			sourceTree = "<group>";
		};
		BDDB9931835CE99C11EAC493 /* Health */ = {
			isa = PBXGroup;
			children = (
				BDDB9234B4BF2D38E6501D28 /* HealthScreen.swift */,
			);
			path = Health;
			sourceTree = "<group>";
		};
		BDDB9C73F1385C36E1C58ECC /* Entry */ = {
			isa = PBXGroup;
			children = (
				BDDB973DC561156A38F0C807 /* EntriesScreen.swift */,
				BDDB9E6D916DF926AF183ADB /* NewEntryScreen.swift */,
				836D35F0F418D6EC9734A928 /* EntryDetail.swift */,
				836D36E1AF9BC837226D1C04 /* GeneratePasswordScreen.swift */,
			);
			path = Entry;
			sourceTree = "<group>";
		};
		BDDB9CEBCA84095BDB5084CF /* Lists */ = {
			isa = PBXGroup;
			children = (
				BDDB92BE18EB43BDB0A3BE24 /* CategoryListByVault.swift */,
				836D3D91F87656D9903190E5 /* EntrylistByVault.swift */,
				BDDB9DC3635E8277AD8C50D0 /* CategoryListInNewEntry.swift */,
			);
			path = Lists;
			sourceTree = "<group>";
		};
		DBC54E32D9163C1B73E885A9 /* Pods */ = {
			isa = PBXGroup;
			children = (
				2BDF00A9ADE8A5AAFC5F47A1 /* Pods-Chic Secret (iOS).debug.xcconfig */,
				284C4C44B4DE66FDFA8BC1B0 /* Pods-Chic Secret (iOS).release.xcconfig */,
				54FC2E1E0672E5512E5EE8B2 /* Pods-Chic Secret (macOS).debug.xcconfig */,
				AF58C5249279A0CCE26D8533 /* Pods-Chic Secret (macOS).release.xcconfig */,
			);
			path = Pods;
			sourceTree = "<group>";
		};
/* End PBXGroup section */

/* Begin PBXNativeTarget section */
		5FB3E729259A7BC600C98CFE /* Chic Secret (iOS) */ = {
			isa = PBXNativeTarget;
			buildConfigurationList = 5FB3E758259A7BC600C98CFE /* Build configuration list for PBXNativeTarget "Chic Secret (iOS)" */;
			buildPhases = (
				C77F5844EC180897D3DA87EE /* [CP] Check Pods Manifest.lock */,
				5FB3E726259A7BC600C98CFE /* Sources */,
				5FB3E727259A7BC600C98CFE /* Frameworks */,
				5FB3E728259A7BC600C98CFE /* Resources */,
				D7B8E92333630BE29EDEB7BD /* [CP] Embed Pods Frameworks */,
			);
			buildRules = (
			);
			dependencies = (
			);
			name = "Chic Secret (iOS)";
			productName = "Chic Secret (iOS)";
			productReference = 5FB3E72A259A7BC600C98CFE /* Chic Secret.app */;
			productType = "com.apple.product-type.application";
		};
		5FB3E731259A7BC600C98CFE /* Chic Secret (macOS) */ = {
			isa = PBXNativeTarget;
			buildConfigurationList = 5FB3E75B259A7BC600C98CFE /* Build configuration list for PBXNativeTarget "Chic Secret (macOS)" */;
			buildPhases = (
				A87F96DEBFD8F58110E06CB3 /* [CP] Check Pods Manifest.lock */,
				5FB3E72E259A7BC600C98CFE /* Sources */,
				5FB3E72F259A7BC600C98CFE /* Frameworks */,
				5FB3E730259A7BC600C98CFE /* Resources */,
				A17D3D7C490E7927F43F8D7D /* [CP] Embed Pods Frameworks */,
			);
			buildRules = (
			);
			dependencies = (
			);
			name = "Chic Secret (macOS)";
			productName = "Chic Secret (macOS)";
			productReference = 5FB3E732259A7BC600C98CFE /* Chic Secret.app */;
			productType = "com.apple.product-type.application";
		};
		5FB3E739259A7BC600C98CFE /* Tests iOS */ = {
			isa = PBXNativeTarget;
			buildConfigurationList = 5FB3E75E259A7BC600C98CFE /* Build configuration list for PBXNativeTarget "Tests iOS" */;
			buildPhases = (
				5FB3E736259A7BC600C98CFE /* Sources */,
				5FB3E737259A7BC600C98CFE /* Frameworks */,
				5FB3E738259A7BC600C98CFE /* Resources */,
			);
			buildRules = (
			);
			dependencies = (
				5FB3E73C259A7BC600C98CFE /* PBXTargetDependency */,
			);
			name = "Tests iOS";
			productName = "Tests iOS";
			productReference = 5FB3E73A259A7BC600C98CFE /* Tests iOS.xctest */;
			productType = "com.apple.product-type.bundle.ui-testing";
		};
		5FB3E744259A7BC600C98CFE /* Tests macOS */ = {
			isa = PBXNativeTarget;
			buildConfigurationList = 5FB3E761259A7BC600C98CFE /* Build configuration list for PBXNativeTarget "Tests macOS" */;
			buildPhases = (
				5FB3E741259A7BC600C98CFE /* Sources */,
				5FB3E742259A7BC600C98CFE /* Frameworks */,
				5FB3E743259A7BC600C98CFE /* Resources */,
			);
			buildRules = (
			);
			dependencies = (
				5FB3E747259A7BC600C98CFE /* PBXTargetDependency */,
			);
			name = "Tests macOS";
			productName = "Tests macOS";
			productReference = 5FB3E745259A7BC600C98CFE /* Tests macOS.xctest */;
			productType = "com.apple.product-type.bundle.ui-testing";
		};
/* End PBXNativeTarget section */

/* Begin PBXProject section */
		5FB3E71B259A7BC500C98CFE /* Project object */ = {
			isa = PBXProject;
			attributes = {
				LastSwiftUpdateCheck = 1230;
				LastUpgradeCheck = 1230;
				TargetAttributes = {
					5FB3E729259A7BC600C98CFE = {
						CreatedOnToolsVersion = 12.3;
					};
					5FB3E731259A7BC600C98CFE = {
						CreatedOnToolsVersion = 12.3;
					};
					5FB3E739259A7BC600C98CFE = {
						CreatedOnToolsVersion = 12.3;
						TestTargetID = 5FB3E729259A7BC600C98CFE;
					};
					5FB3E744259A7BC600C98CFE = {
						CreatedOnToolsVersion = 12.3;
						TestTargetID = 5FB3E731259A7BC600C98CFE;
					};
				};
			};
			buildConfigurationList = 5FB3E71E259A7BC500C98CFE /* Build configuration list for PBXProject "Chic Secret" */;
			compatibilityVersion = "Xcode 9.3";
			developmentRegion = en;
			hasScannedForEncodings = 0;
			knownRegions = (
				en,
				Base,
				fr,
			);
			mainGroup = 5FB3E71A259A7BC500C98CFE;
			productRefGroup = 5FB3E72B259A7BC600C98CFE /* Products */;
			projectDirPath = "";
			projectRoot = "";
			targets = (
				5FB3E729259A7BC600C98CFE /* Chic Secret (iOS) */,
				5FB3E731259A7BC600C98CFE /* Chic Secret (macOS) */,
				5FB3E739259A7BC600C98CFE /* Tests iOS */,
				5FB3E744259A7BC600C98CFE /* Tests macOS */,
			);
		};
/* End PBXProject section */

/* Begin PBXResourcesBuildPhase section */
		5FB3E728259A7BC600C98CFE /* Resources */ = {
			isa = PBXResourcesBuildPhase;
			buildActionMask = 2147483647;
			files = (
				5FB3E754259A7BC600C98CFE /* Assets.xcassets in Resources */,
				5FB3E773259A7C1400C98CFE /* Localizable.strings in Resources */,
			);
			runOnlyForDeploymentPostprocessing = 0;
		};
		5FB3E730259A7BC600C98CFE /* Resources */ = {
			isa = PBXResourcesBuildPhase;
			buildActionMask = 2147483647;
			files = (
				5FB3E755259A7BC600C98CFE /* Assets.xcassets in Resources */,
				5FB3E774259A7C1400C98CFE /* Localizable.strings in Resources */,
			);
			runOnlyForDeploymentPostprocessing = 0;
		};
		5FB3E738259A7BC600C98CFE /* Resources */ = {
			isa = PBXResourcesBuildPhase;
			buildActionMask = 2147483647;
			files = (
			);
			runOnlyForDeploymentPostprocessing = 0;
		};
		5FB3E743259A7BC600C98CFE /* Resources */ = {
			isa = PBXResourcesBuildPhase;
			buildActionMask = 2147483647;
			files = (
			);
			runOnlyForDeploymentPostprocessing = 0;
		};
/* End PBXResourcesBuildPhase section */

/* Begin PBXShellScriptBuildPhase section */
		A17D3D7C490E7927F43F8D7D /* [CP] Embed Pods Frameworks */ = {
			isa = PBXShellScriptBuildPhase;
			buildActionMask = 2147483647;
			files = (
			);
			inputFileListPaths = (
				"${PODS_ROOT}/Target Support Files/Pods-Chic Secret (macOS)/Pods-Chic Secret (macOS)-frameworks-${CONFIGURATION}-input-files.xcfilelist",
			);
			name = "[CP] Embed Pods Frameworks";
			outputFileListPaths = (
				"${PODS_ROOT}/Target Support Files/Pods-Chic Secret (macOS)/Pods-Chic Secret (macOS)-frameworks-${CONFIGURATION}-output-files.xcfilelist",
			);
			runOnlyForDeploymentPostprocessing = 0;
			shellPath = /bin/sh;
			shellScript = "\"${PODS_ROOT}/Target Support Files/Pods-Chic Secret (macOS)/Pods-Chic Secret (macOS)-frameworks.sh\"\n";
			showEnvVarsInLog = 0;
		};
		A87F96DEBFD8F58110E06CB3 /* [CP] Check Pods Manifest.lock */ = {
			isa = PBXShellScriptBuildPhase;
			buildActionMask = 2147483647;
			files = (
			);
			inputFileListPaths = (
			);
			inputPaths = (
				"${PODS_PODFILE_DIR_PATH}/Podfile.lock",
				"${PODS_ROOT}/Manifest.lock",
			);
			name = "[CP] Check Pods Manifest.lock";
			outputFileListPaths = (
			);
			outputPaths = (
				"$(DERIVED_FILE_DIR)/Pods-Chic Secret (macOS)-checkManifestLockResult.txt",
			);
			runOnlyForDeploymentPostprocessing = 0;
			shellPath = /bin/sh;
			shellScript = "diff \"${PODS_PODFILE_DIR_PATH}/Podfile.lock\" \"${PODS_ROOT}/Manifest.lock\" > /dev/null\nif [ $? != 0 ] ; then\n    # print error to STDERR\n    echo \"error: The sandbox is not in sync with the Podfile.lock. Run 'pod install' or update your CocoaPods installation.\" >&2\n    exit 1\nfi\n# This output is used by Xcode 'outputs' to avoid re-running this script phase.\necho \"SUCCESS\" > \"${SCRIPT_OUTPUT_FILE_0}\"\n";
			showEnvVarsInLog = 0;
		};
		C77F5844EC180897D3DA87EE /* [CP] Check Pods Manifest.lock */ = {
			isa = PBXShellScriptBuildPhase;
			buildActionMask = 2147483647;
			files = (
			);
			inputFileListPaths = (
			);
			inputPaths = (
				"${PODS_PODFILE_DIR_PATH}/Podfile.lock",
				"${PODS_ROOT}/Manifest.lock",
			);
			name = "[CP] Check Pods Manifest.lock";
			outputFileListPaths = (
			);
			outputPaths = (
				"$(DERIVED_FILE_DIR)/Pods-Chic Secret (iOS)-checkManifestLockResult.txt",
			);
			runOnlyForDeploymentPostprocessing = 0;
			shellPath = /bin/sh;
			shellScript = "diff \"${PODS_PODFILE_DIR_PATH}/Podfile.lock\" \"${PODS_ROOT}/Manifest.lock\" > /dev/null\nif [ $? != 0 ] ; then\n    # print error to STDERR\n    echo \"error: The sandbox is not in sync with the Podfile.lock. Run 'pod install' or update your CocoaPods installation.\" >&2\n    exit 1\nfi\n# This output is used by Xcode 'outputs' to avoid re-running this script phase.\necho \"SUCCESS\" > \"${SCRIPT_OUTPUT_FILE_0}\"\n";
			showEnvVarsInLog = 0;
		};
		D7B8E92333630BE29EDEB7BD /* [CP] Embed Pods Frameworks */ = {
			isa = PBXShellScriptBuildPhase;
			buildActionMask = 2147483647;
			files = (
			);
			inputFileListPaths = (
				"${PODS_ROOT}/Target Support Files/Pods-Chic Secret (iOS)/Pods-Chic Secret (iOS)-frameworks-${CONFIGURATION}-input-files.xcfilelist",
			);
			name = "[CP] Embed Pods Frameworks";
			outputFileListPaths = (
				"${PODS_ROOT}/Target Support Files/Pods-Chic Secret (iOS)/Pods-Chic Secret (iOS)-frameworks-${CONFIGURATION}-output-files.xcfilelist",
			);
			runOnlyForDeploymentPostprocessing = 0;
			shellPath = /bin/sh;
			shellScript = "\"${PODS_ROOT}/Target Support Files/Pods-Chic Secret (iOS)/Pods-Chic Secret (iOS)-frameworks.sh\"\n";
			showEnvVarsInLog = 0;
		};
/* End PBXShellScriptBuildPhase section */

/* Begin PBXSourcesBuildPhase section */
		5FB3E726259A7BC600C98CFE /* Sources */ = {
			isa = PBXSourcesBuildPhase;
			buildActionMask = 2147483647;
			files = (
				5FB3E74E259A7BC600C98CFE /* Chic_SecretApp.swift in Sources */,
				5FB3E752259A7BC600C98CFE /* Persistence.swift in Sources */,
				5FB3E74C259A7BC600C98CFE /* Chic_Secret.xcdatamodeld in Sources */,
				5FB3E791259A7EC000C98CFE /* NewVaultScreen.swift in Sources */,
				A7810BE5259B4475002CCB53 /* VaultItem.swift in Sources */,
				836D3181D40CD048F0127305 /* VaultsScreen.swift in Sources */,
				836D320397ECC4729395212F /* TextFieldTyped.swift in Sources */,
				836D3DF173104B62355F9666 /* PasswordField.swift in Sources */,
				836D332F2A9020FE2787906C /* KeyboardManagement.swift in Sources */,
				836D3C99E7A3D4397D6C7AF6 /* LoadingView.swift in Sources */,
				BDDB9B3082E1AFFA16C186A5 /* Security.swift in Sources */,
				BDDB97BD53E2DEF9E32B8ADC /* MbModalHackView.swift in Sources */,
				BDDB9ED7A324DFC26D67D470 /* MainScreen.swift in Sources */,
				BDDB95149DE52E7A0C057510 /* PasswordUnlockScreen.swift in Sources */,
				BDDB9F191736720E1BC54DB0 /* EntriesScreen.swift in Sources */,
				BDDB92651CEB3BBC4725ABB1 /* CategoriesScreen.swift in Sources */,
				BDDB961C6ECE18757A0E552C /* CategoryItem.swift in Sources */,
				BDDB969E8726A55CCEA3A947 /* Color.swift in Sources */,
				BDDB9D9C2072326FE4A9288C /* StringProtocol.swift in Sources */,
				BDDB94544732D9F312C092E9 /* NewCategoryScreen.swift in Sources */,
				BDDB9251B5AA71B4200ABF5C /* IconPicker.swift in Sources */,
				BDDB9F2AFDCA2B0BA481D023 /* ColorPickerItem.swift in Sources */,
				BDDB9282A753E7FEF73916D9 /* NewEntryScreen.swift in Sources */,
				836D37D07C90505F96809949 /* EntryDetail.swift in Sources */,
				836D300C826E46A3269C7DA6 /* GeneratePasswordScreen.swift in Sources */,
				836D3015A0B8219E27F3057B /* PasswordAttributed.swift in Sources */,
				BDDB93D8DACF102A31D83704 /* EntryItem.swift in Sources */,
				BDDB92197CB934BFD7A58A20 /* SettingsScreen.swift in Sources */,
				BDDB9466A7C85776242E448E /* HealthScreen.swift in Sources */,
				BDDB9F78455E249C32941B48 /* SearchNavigation.swift in Sources */,
				BDDB983277AA7508D578789E /* CategoryListByVault.swift in Sources */,
				836D3AD7567B7C6CE76412C7 /* EntrylistByVault.swift in Sources */,
				BDDB9179A1689584197A89ED /* BiometryScreen.swift in Sources */,
				BDDB9B85C69378C1529BB08B /* BiometryCheckScreen.swift in Sources */,
				BDDB9AC1A38337CA7DC92467 /* CategoryListInNewEntry.swift in Sources */,
				BDDB99985470529346082A91 /* AppDelegate.swift in Sources */,
			);
			runOnlyForDeploymentPostprocessing = 0;
		};
		5FB3E72E259A7BC600C98CFE /* Sources */ = {
			isa = PBXSourcesBuildPhase;
			buildActionMask = 2147483647;
			files = (
				5FB3E74F259A7BC600C98CFE /* Chic_SecretApp.swift in Sources */,
				5FB3E753259A7BC600C98CFE /* Persistence.swift in Sources */,
				5FB3E74D259A7BC600C98CFE /* Chic_Secret.xcdatamodeld in Sources */,
				5FB3E792259A7EC000C98CFE /* NewVaultScreen.swift in Sources */,
				A7810BE6259B4475002CCB53 /* VaultItem.swift in Sources */,
				836D39D04B6790AC5C08B327 /* VaultsScreen.swift in Sources */,
				836D3D0394E15EF852B3320E /* TextFieldTyped.swift in Sources */,
				836D3FF5ED6ECE5798D53EF0 /* PasswordField.swift in Sources */,
				836D32F11AB4A90B444A063B /* KeyboardManagement.swift in Sources */,
				836D3E50299AA926615C4176 /* LoadingView.swift in Sources */,
				BDDB909154ACFFE5EB2C0CCE /* Security.swift in Sources */,
				BDDB90C69F9AF51569F87B9B /* MbModalHackView.swift in Sources */,
				BDDB93108ABCE3D8194064B6 /* MainScreen.swift in Sources */,
				BDDB9672117B1ED57B68C12D /* PasswordUnlockScreen.swift in Sources */,
				BDDB9E0978B099EC04BE26CB /* EntriesScreen.swift in Sources */,
				BDDB9439565FBE7335A5182D /* CategoriesScreen.swift in Sources */,
				BDDB9AFEEA36B4AAB08C830C /* CategoryItem.swift in Sources */,
				BDDB97A5D4A18A8BEFBF81E9 /* Color.swift in Sources */,
				BDDB920F4A0E7E57792EC432 /* StringProtocol.swift in Sources */,
				BDDB92C6E2CDEBAE033E01FD /* NewCategoryScreen.swift in Sources */,
				BDDB956F2952657512F35127 /* IconPicker.swift in Sources */,
				BDDB977CE572BED3C8F19EC4 /* ColorPickerItem.swift in Sources */,
				BDDB951FB938A57A8D84306B /* NewEntryScreen.swift in Sources */,
				836D3639C34DD221674F3559 /* EntryDetail.swift in Sources */,
				836D3015D787E8D7E987239D /* GeneratePasswordScreen.swift in Sources */,
				836D336194F84CCE4943CAE4 /* PasswordAttributed.swift in Sources */,
				BDDB97F5F1AF39388F3C267F /* EntryItem.swift in Sources */,
				BDDB9F1A44735FE78FFC194E /* SettingsScreen.swift in Sources */,
				BDDB935040C724B6A18BD559 /* HealthScreen.swift in Sources */,
				BDDB94A380073E4BE803E749 /* SearchNavigation.swift in Sources */,
				BDDB971B267F802AED9495F0 /* CategoryListByVault.swift in Sources */,
				836D30F59B594470953418DE /* EntrylistByVault.swift in Sources */,
				BDDB974E90EFC219357FBEE7 /* BiometryScreen.swift in Sources */,
				BDDB976619D9F069989B2825 /* BiometryCheckScreen.swift in Sources */,
				BDDB9830E926CF033407EDE6 /* CategoryListInNewEntry.swift in Sources */,
				BDDB9AF0499049B5C51E87CC /* AppDelegate.swift in Sources */,
			);
			runOnlyForDeploymentPostprocessing = 0;
		};
		5FB3E736259A7BC600C98CFE /* Sources */ = {
			isa = PBXSourcesBuildPhase;
			buildActionMask = 2147483647;
			files = (
				5FB3E73F259A7BC600C98CFE /* Tests_iOS.swift in Sources */,
			);
			runOnlyForDeploymentPostprocessing = 0;
		};
		5FB3E741259A7BC600C98CFE /* Sources */ = {
			isa = PBXSourcesBuildPhase;
			buildActionMask = 2147483647;
			files = (
				5FB3E74A259A7BC600C98CFE /* Tests_macOS.swift in Sources */,
			);
			runOnlyForDeploymentPostprocessing = 0;
		};
/* End PBXSourcesBuildPhase section */

/* Begin PBXTargetDependency section */
		5FB3E73C259A7BC600C98CFE /* PBXTargetDependency */ = {
			isa = PBXTargetDependency;
			target = 5FB3E729259A7BC600C98CFE /* Chic Secret (iOS) */;
			targetProxy = 5FB3E73B259A7BC600C98CFE /* PBXContainerItemProxy */;
		};
		5FB3E747259A7BC600C98CFE /* PBXTargetDependency */ = {
			isa = PBXTargetDependency;
			target = 5FB3E731259A7BC600C98CFE /* Chic Secret (macOS) */;
			targetProxy = 5FB3E746259A7BC600C98CFE /* PBXContainerItemProxy */;
		};
/* End PBXTargetDependency section */

/* Begin PBXVariantGroup section */
		5FB3E776259A7C1400C98CFE /* Localizable.strings */ = {
			isa = PBXVariantGroup;
			children = (
				5FB3E775259A7C1400C98CFE /* en */,
				5FB3E77B259A7C1700C98CFE /* fr */,
			);
			name = Localizable.strings;
			sourceTree = "<group>";
		};
/* End PBXVariantGroup section */

/* Begin XCBuildConfiguration section */
		5FB3E756259A7BC600C98CFE /* Debug */ = {
			isa = XCBuildConfiguration;
			buildSettings = {
				ALWAYS_SEARCH_USER_PATHS = NO;
				CLANG_ANALYZER_LOCALIZABILITY_NONLOCALIZED = YES;
				CLANG_ANALYZER_NONNULL = YES;
				CLANG_ANALYZER_NUMBER_OBJECT_CONVERSION = YES_AGGRESSIVE;
				CLANG_CXX_LANGUAGE_STANDARD = "gnu++14";
				CLANG_CXX_LIBRARY = "libc++";
				CLANG_ENABLE_MODULES = YES;
				CLANG_ENABLE_OBJC_ARC = YES;
				CLANG_ENABLE_OBJC_WEAK = YES;
				CLANG_WARN_BLOCK_CAPTURE_AUTORELEASING = YES;
				CLANG_WARN_BOOL_CONVERSION = YES;
				CLANG_WARN_COMMA = YES;
				CLANG_WARN_CONSTANT_CONVERSION = YES;
				CLANG_WARN_DEPRECATED_OBJC_IMPLEMENTATIONS = YES;
				CLANG_WARN_DIRECT_OBJC_ISA_USAGE = YES_ERROR;
				CLANG_WARN_DOCUMENTATION_COMMENTS = YES;
				CLANG_WARN_EMPTY_BODY = YES;
				CLANG_WARN_ENUM_CONVERSION = YES;
				CLANG_WARN_INFINITE_RECURSION = YES;
				CLANG_WARN_INT_CONVERSION = YES;
				CLANG_WARN_NON_LITERAL_NULL_CONVERSION = YES;
				CLANG_WARN_OBJC_IMPLICIT_RETAIN_SELF = YES;
				CLANG_WARN_OBJC_LITERAL_CONVERSION = YES;
				CLANG_WARN_OBJC_ROOT_CLASS = YES_ERROR;
				CLANG_WARN_QUOTED_INCLUDE_IN_FRAMEWORK_HEADER = YES;
				CLANG_WARN_RANGE_LOOP_ANALYSIS = YES;
				CLANG_WARN_STRICT_PROTOTYPES = YES;
				CLANG_WARN_SUSPICIOUS_MOVE = YES;
				CLANG_WARN_UNGUARDED_AVAILABILITY = YES_AGGRESSIVE;
				CLANG_WARN_UNREACHABLE_CODE = YES;
				CLANG_WARN__DUPLICATE_METHOD_MATCH = YES;
				COPY_PHASE_STRIP = NO;
				DEBUG_INFORMATION_FORMAT = dwarf;
				ENABLE_STRICT_OBJC_MSGSEND = YES;
				ENABLE_TESTABILITY = YES;
				GCC_C_LANGUAGE_STANDARD = gnu11;
				GCC_DYNAMIC_NO_PIC = NO;
				GCC_NO_COMMON_BLOCKS = YES;
				GCC_OPTIMIZATION_LEVEL = 0;
				GCC_PREPROCESSOR_DEFINITIONS = (
					"DEBUG=1",
					"$(inherited)",
				);
				GCC_WARN_64_TO_32_BIT_CONVERSION = YES;
				GCC_WARN_ABOUT_RETURN_TYPE = YES_ERROR;
				GCC_WARN_UNDECLARED_SELECTOR = YES;
				GCC_WARN_UNINITIALIZED_AUTOS = YES_AGGRESSIVE;
				GCC_WARN_UNUSED_FUNCTION = YES;
				GCC_WARN_UNUSED_VARIABLE = YES;
				MTL_ENABLE_DEBUG_INFO = INCLUDE_SOURCE;
				MTL_FAST_MATH = YES;
				ONLY_ACTIVE_ARCH = YES;
				SWIFT_ACTIVE_COMPILATION_CONDITIONS = DEBUG;
				SWIFT_OPTIMIZATION_LEVEL = "-Onone";
			};
			name = Debug;
		};
		5FB3E757259A7BC600C98CFE /* Release */ = {
			isa = XCBuildConfiguration;
			buildSettings = {
				ALWAYS_SEARCH_USER_PATHS = NO;
				CLANG_ANALYZER_LOCALIZABILITY_NONLOCALIZED = YES;
				CLANG_ANALYZER_NONNULL = YES;
				CLANG_ANALYZER_NUMBER_OBJECT_CONVERSION = YES_AGGRESSIVE;
				CLANG_CXX_LANGUAGE_STANDARD = "gnu++14";
				CLANG_CXX_LIBRARY = "libc++";
				CLANG_ENABLE_MODULES = YES;
				CLANG_ENABLE_OBJC_ARC = YES;
				CLANG_ENABLE_OBJC_WEAK = YES;
				CLANG_WARN_BLOCK_CAPTURE_AUTORELEASING = YES;
				CLANG_WARN_BOOL_CONVERSION = YES;
				CLANG_WARN_COMMA = YES;
				CLANG_WARN_CONSTANT_CONVERSION = YES;
				CLANG_WARN_DEPRECATED_OBJC_IMPLEMENTATIONS = YES;
				CLANG_WARN_DIRECT_OBJC_ISA_USAGE = YES_ERROR;
				CLANG_WARN_DOCUMENTATION_COMMENTS = YES;
				CLANG_WARN_EMPTY_BODY = YES;
				CLANG_WARN_ENUM_CONVERSION = YES;
				CLANG_WARN_INFINITE_RECURSION = YES;
				CLANG_WARN_INT_CONVERSION = YES;
				CLANG_WARN_NON_LITERAL_NULL_CONVERSION = YES;
				CLANG_WARN_OBJC_IMPLICIT_RETAIN_SELF = YES;
				CLANG_WARN_OBJC_LITERAL_CONVERSION = YES;
				CLANG_WARN_OBJC_ROOT_CLASS = YES_ERROR;
				CLANG_WARN_QUOTED_INCLUDE_IN_FRAMEWORK_HEADER = YES;
				CLANG_WARN_RANGE_LOOP_ANALYSIS = YES;
				CLANG_WARN_STRICT_PROTOTYPES = YES;
				CLANG_WARN_SUSPICIOUS_MOVE = YES;
				CLANG_WARN_UNGUARDED_AVAILABILITY = YES_AGGRESSIVE;
				CLANG_WARN_UNREACHABLE_CODE = YES;
				CLANG_WARN__DUPLICATE_METHOD_MATCH = YES;
				COPY_PHASE_STRIP = NO;
				DEBUG_INFORMATION_FORMAT = "dwarf-with-dsym";
				ENABLE_NS_ASSERTIONS = NO;
				ENABLE_STRICT_OBJC_MSGSEND = YES;
				GCC_C_LANGUAGE_STANDARD = gnu11;
				GCC_NO_COMMON_BLOCKS = YES;
				GCC_WARN_64_TO_32_BIT_CONVERSION = YES;
				GCC_WARN_ABOUT_RETURN_TYPE = YES_ERROR;
				GCC_WARN_UNDECLARED_SELECTOR = YES;
				GCC_WARN_UNINITIALIZED_AUTOS = YES_AGGRESSIVE;
				GCC_WARN_UNUSED_FUNCTION = YES;
				GCC_WARN_UNUSED_VARIABLE = YES;
				MTL_ENABLE_DEBUG_INFO = NO;
				MTL_FAST_MATH = YES;
				SWIFT_COMPILATION_MODE = wholemodule;
				SWIFT_OPTIMIZATION_LEVEL = "-O";
			};
			name = Release;
		};
		5FB3E759259A7BC600C98CFE /* Debug */ = {
			isa = XCBuildConfiguration;
			baseConfigurationReference = 2BDF00A9ADE8A5AAFC5F47A1 /* Pods-Chic Secret (iOS).debug.xcconfig */;
			buildSettings = {
				ASSETCATALOG_COMPILER_APPICON_NAME = AppIcon;
				ASSETCATALOG_COMPILER_GLOBAL_ACCENT_COLOR_NAME = AccentColor;
				CODE_SIGN_STYLE = Automatic;
				CURRENT_PROJECT_VERSION = 2;
				DEVELOPMENT_TEAM = C77NUJVPT9;
				ENABLE_PREVIEWS = YES;
				INFOPLIST_FILE = iOS/Info.plist;
				IPHONEOS_DEPLOYMENT_TARGET = 14.0;
				LD_RUNPATH_SEARCH_PATHS = (
					"$(inherited)",
					"@executable_path/Frameworks",
				);
				PRODUCT_BUNDLE_IDENTIFIER = "com.applichic.Chic-Secret";
				PRODUCT_NAME = "Chic Secret";
				SDKROOT = iphoneos;
				SWIFT_VERSION = 5.0;
				TARGETED_DEVICE_FAMILY = "1,2";
			};
			name = Debug;
		};
		5FB3E75A259A7BC600C98CFE /* Release */ = {
			isa = XCBuildConfiguration;
			baseConfigurationReference = 284C4C44B4DE66FDFA8BC1B0 /* Pods-Chic Secret (iOS).release.xcconfig */;
			buildSettings = {
				ASSETCATALOG_COMPILER_APPICON_NAME = AppIcon;
				ASSETCATALOG_COMPILER_GLOBAL_ACCENT_COLOR_NAME = AccentColor;
				CODE_SIGN_STYLE = Automatic;
				CURRENT_PROJECT_VERSION = 2;
				DEVELOPMENT_TEAM = C77NUJVPT9;
				ENABLE_PREVIEWS = YES;
				INFOPLIST_FILE = iOS/Info.plist;
				IPHONEOS_DEPLOYMENT_TARGET = 14.0;
				LD_RUNPATH_SEARCH_PATHS = (
					"$(inherited)",
					"@executable_path/Frameworks",
				);
				PRODUCT_BUNDLE_IDENTIFIER = "com.applichic.Chic-Secret";
				PRODUCT_NAME = "Chic Secret";
				SDKROOT = iphoneos;
				SWIFT_VERSION = 5.0;
				TARGETED_DEVICE_FAMILY = "1,2";
				VALIDATE_PRODUCT = YES;
			};
			name = Release;
		};
		5FB3E75C259A7BC600C98CFE /* Debug */ = {
			isa = XCBuildConfiguration;
			baseConfigurationReference = 54FC2E1E0672E5512E5EE8B2 /* Pods-Chic Secret (macOS).debug.xcconfig */;
			buildSettings = {
				ASSETCATALOG_COMPILER_APPICON_NAME = AppIcon;
				ASSETCATALOG_COMPILER_GLOBAL_ACCENT_COLOR_NAME = AccentColor;
				CODE_SIGN_ENTITLEMENTS = macOS/macOS.entitlements;
				CODE_SIGN_IDENTITY = "-";
				CODE_SIGN_STYLE = Automatic;
				COMBINE_HIDPI_IMAGES = YES;
				DEVELOPMENT_TEAM = C77NUJVPT9;
				ENABLE_HARDENED_RUNTIME = YES;
				ENABLE_PREVIEWS = YES;
				INFOPLIST_FILE = macOS/Info.plist;
				LD_RUNPATH_SEARCH_PATHS = (
					"$(inherited)",
					"@executable_path/../Frameworks",
				);
				MACOSX_DEPLOYMENT_TARGET = 11.0;
				PRODUCT_BUNDLE_IDENTIFIER = "com.applichic.Chic-Secret";
				PRODUCT_NAME = "Chic Secret";
				SDKROOT = macosx;
				SWIFT_VERSION = 5.0;
			};
			name = Debug;
		};
		5FB3E75D259A7BC600C98CFE /* Release */ = {
			isa = XCBuildConfiguration;
			baseConfigurationReference = AF58C5249279A0CCE26D8533 /* Pods-Chic Secret (macOS).release.xcconfig */;
			buildSettings = {
				ASSETCATALOG_COMPILER_APPICON_NAME = AppIcon;
				ASSETCATALOG_COMPILER_GLOBAL_ACCENT_COLOR_NAME = AccentColor;
				CODE_SIGN_ENTITLEMENTS = macOS/macOS.entitlements;
				CODE_SIGN_IDENTITY = "-";
				CODE_SIGN_STYLE = Automatic;
				COMBINE_HIDPI_IMAGES = YES;
				DEVELOPMENT_TEAM = C77NUJVPT9;
				ENABLE_HARDENED_RUNTIME = YES;
				ENABLE_PREVIEWS = YES;
				INFOPLIST_FILE = macOS/Info.plist;
				LD_RUNPATH_SEARCH_PATHS = (
					"$(inherited)",
					"@executable_path/../Frameworks",
				);
				MACOSX_DEPLOYMENT_TARGET = 11.0;
				PRODUCT_BUNDLE_IDENTIFIER = "com.applichic.Chic-Secret";
				PRODUCT_NAME = "Chic Secret";
				SDKROOT = macosx;
				SWIFT_VERSION = 5.0;
			};
			name = Release;
		};
		5FB3E75F259A7BC600C98CFE /* Debug */ = {
			isa = XCBuildConfiguration;
			buildSettings = {
				ALWAYS_EMBED_SWIFT_STANDARD_LIBRARIES = YES;
				CODE_SIGN_STYLE = Automatic;
				DEVELOPMENT_TEAM = C77NUJVPT9;
				INFOPLIST_FILE = "Tests iOS/Info.plist";
				IPHONEOS_DEPLOYMENT_TARGET = 14.3;
				LD_RUNPATH_SEARCH_PATHS = (
					"$(inherited)",
					"@executable_path/Frameworks",
					"@loader_path/Frameworks",
				);
				PRODUCT_BUNDLE_IDENTIFIER = "com.applichic.Tests-iOS";
				PRODUCT_NAME = "$(TARGET_NAME)";
				SDKROOT = iphoneos;
				SWIFT_VERSION = 5.0;
				TARGETED_DEVICE_FAMILY = "1,2";
				TEST_TARGET_NAME = "Chic Secret (iOS)";
			};
			name = Debug;
		};
		5FB3E760259A7BC600C98CFE /* Release */ = {
			isa = XCBuildConfiguration;
			buildSettings = {
				ALWAYS_EMBED_SWIFT_STANDARD_LIBRARIES = YES;
				CODE_SIGN_STYLE = Automatic;
				DEVELOPMENT_TEAM = C77NUJVPT9;
				INFOPLIST_FILE = "Tests iOS/Info.plist";
				IPHONEOS_DEPLOYMENT_TARGET = 14.3;
				LD_RUNPATH_SEARCH_PATHS = (
					"$(inherited)",
					"@executable_path/Frameworks",
					"@loader_path/Frameworks",
				);
				PRODUCT_BUNDLE_IDENTIFIER = "com.applichic.Tests-iOS";
				PRODUCT_NAME = "$(TARGET_NAME)";
				SDKROOT = iphoneos;
				SWIFT_VERSION = 5.0;
				TARGETED_DEVICE_FAMILY = "1,2";
				TEST_TARGET_NAME = "Chic Secret (iOS)";
				VALIDATE_PRODUCT = YES;
			};
			name = Release;
		};
		5FB3E762259A7BC600C98CFE /* Debug */ = {
			isa = XCBuildConfiguration;
			buildSettings = {
				ALWAYS_EMBED_SWIFT_STANDARD_LIBRARIES = YES;
				CODE_SIGN_STYLE = Automatic;
				COMBINE_HIDPI_IMAGES = YES;
				DEVELOPMENT_TEAM = C77NUJVPT9;
				INFOPLIST_FILE = "Tests macOS/Info.plist";
				LD_RUNPATH_SEARCH_PATHS = (
					"$(inherited)",
					"@executable_path/../Frameworks",
					"@loader_path/../Frameworks",
				);
				MACOSX_DEPLOYMENT_TARGET = 10.15;
				PRODUCT_BUNDLE_IDENTIFIER = "com.applichic.Tests-macOS";
				PRODUCT_NAME = "$(TARGET_NAME)";
				SDKROOT = macosx;
				SWIFT_VERSION = 5.0;
				TEST_TARGET_NAME = "Chic Secret (macOS)";
			};
			name = Debug;
		};
		5FB3E763259A7BC600C98CFE /* Release */ = {
			isa = XCBuildConfiguration;
			buildSettings = {
				ALWAYS_EMBED_SWIFT_STANDARD_LIBRARIES = YES;
				CODE_SIGN_STYLE = Automatic;
				COMBINE_HIDPI_IMAGES = YES;
				DEVELOPMENT_TEAM = C77NUJVPT9;
				INFOPLIST_FILE = "Tests macOS/Info.plist";
				LD_RUNPATH_SEARCH_PATHS = (
					"$(inherited)",
					"@executable_path/../Frameworks",
					"@loader_path/../Frameworks",
				);
				MACOSX_DEPLOYMENT_TARGET = 10.15;
				PRODUCT_BUNDLE_IDENTIFIER = "com.applichic.Tests-macOS";
				PRODUCT_NAME = "$(TARGET_NAME)";
				SDKROOT = macosx;
				SWIFT_VERSION = 5.0;
				TEST_TARGET_NAME = "Chic Secret (macOS)";
			};
			name = Release;
		};
/* End XCBuildConfiguration section */

/* Begin XCConfigurationList section */
		5FB3E71E259A7BC500C98CFE /* Build configuration list for PBXProject "Chic Secret" */ = {
			isa = XCConfigurationList;
			buildConfigurations = (
				5FB3E756259A7BC600C98CFE /* Debug */,
				5FB3E757259A7BC600C98CFE /* Release */,
			);
			defaultConfigurationIsVisible = 0;
			defaultConfigurationName = Release;
		};
		5FB3E758259A7BC600C98CFE /* Build configuration list for PBXNativeTarget "Chic Secret (iOS)" */ = {
			isa = XCConfigurationList;
			buildConfigurations = (
				5FB3E759259A7BC600C98CFE /* Debug */,
				5FB3E75A259A7BC600C98CFE /* Release */,
			);
			defaultConfigurationIsVisible = 0;
			defaultConfigurationName = Release;
		};
		5FB3E75B259A7BC600C98CFE /* Build configuration list for PBXNativeTarget "Chic Secret (macOS)" */ = {
			isa = XCConfigurationList;
			buildConfigurations = (
				5FB3E75C259A7BC600C98CFE /* Debug */,
				5FB3E75D259A7BC600C98CFE /* Release */,
			);
			defaultConfigurationIsVisible = 0;
			defaultConfigurationName = Release;
		};
		5FB3E75E259A7BC600C98CFE /* Build configuration list for PBXNativeTarget "Tests iOS" */ = {
			isa = XCConfigurationList;
			buildConfigurations = (
				5FB3E75F259A7BC600C98CFE /* Debug */,
				5FB3E760259A7BC600C98CFE /* Release */,
			);
			defaultConfigurationIsVisible = 0;
			defaultConfigurationName = Release;
		};
		5FB3E761259A7BC600C98CFE /* Build configuration list for PBXNativeTarget "Tests macOS" */ = {
			isa = XCConfigurationList;
			buildConfigurations = (
				5FB3E762259A7BC600C98CFE /* Debug */,
				5FB3E763259A7BC600C98CFE /* Release */,
			);
			defaultConfigurationIsVisible = 0;
			defaultConfigurationName = Release;
		};
/* End XCConfigurationList section */

/* Begin XCVersionGroup section */
		5FB3E720259A7BC500C98CFE /* Chic_Secret.xcdatamodeld */ = {
			isa = XCVersionGroup;
			children = (
				5FB3E721259A7BC500C98CFE /* Shared.xcdatamodel */,
			);
			currentVersion = 5FB3E721259A7BC500C98CFE /* Shared.xcdatamodel */;
			path = Chic_Secret.xcdatamodeld;
			sourceTree = "<group>";
			versionGroupType = wrapper.xcdatamodel;
		};
/* End XCVersionGroup section */
	};
	rootObject = 5FB3E71B259A7BC500C98CFE /* Project object */;
}
